
Microsoft Visual Studio Solution File, Format Version 12.00
# Visual Studio Version 16
VisualStudioVersion = 16.0.31727.386
MinimumVisualStudioVersion = 10.0.40219.1
Project("{9A19103F-16F7-4668-BE54-9A1E7A4F7556}") = "MEGAbolt", "MEGAbolt\MEGAbolt.csproj", "{A6D955CD-1F55-459F-A7AD-01E591404989}"
	ProjectSection(ProjectDependencies) = postProject
		{DD8CE596-E9D5-400E-A6EB-DBB41F0C5CC9} = {DD8CE596-E9D5-400E-A6EB-DBB41F0C5CC9}
		{8915D4B9-62BA-4C56-BA79-4A07FB938F8C} = {8915D4B9-62BA-4C56-BA79-4A07FB938F8C}
		{C8B40AE0-71AE-4F96-90DE-705D23F1857D} = {C8B40AE0-71AE-4F96-90DE-705D23F1857D}
	EndProjectSection
EndProject
Project("{9A19103F-16F7-4668-BE54-9A1E7A4F7556}") = "SamplePluginApp", "SamplePlugin\SamplePluginApp.csproj", "{14704F04-B09F-4D26-897A-06B4AEB3C07E}"
	ProjectSection(ProjectDependencies) = postProject
		{8915D4B9-62BA-4C56-BA79-4A07FB938F8C} = {8915D4B9-62BA-4C56-BA79-4A07FB938F8C}
		{A6D955CD-1F55-459F-A7AD-01E591404989} = {A6D955CD-1F55-459F-A7AD-01E591404989}
		{C8B40AE0-71AE-4F96-90DE-705D23F1857D} = {C8B40AE0-71AE-4F96-90DE-705D23F1857D}
	EndProjectSection
EndProject
Project("{9A19103F-16F7-4668-BE54-9A1E7A4F7556}") = "MD5library", "MD5library\MD5library.csproj", "{C8B40AE0-71AE-4F96-90DE-705D23F1857D}"
EndProject
Project("{9A19103F-16F7-4668-BE54-9A1E7A4F7556}") = "MEGAx", "MEGAx\MEGAx.csproj", "{8915D4B9-62BA-4C56-BA79-4A07FB938F8C}"
EndProject
Project("{9A19103F-16F7-4668-BE54-9A1E7A4F7556}") = "MEGArestart", "MEGArestart\MEGArestart.csproj", "{DD8CE596-E9D5-400E-A6EB-DBB41F0C5CC9}"
EndProject
Project("{930C7802-8A8C-48F9-8165-68863BCCD9DD}") = "MEGAboltSetup", "Install\MEGAboltSetup\MEGAboltSetup.wixproj", "{0BEE8787-C7EE-450F-9450-50F294F1D446}"
	ProjectSection(ProjectDependencies) = postProject
		{DD8CE596-E9D5-400E-A6EB-DBB41F0C5CC9} = {DD8CE596-E9D5-400E-A6EB-DBB41F0C5CC9}
		{8915D4B9-62BA-4C56-BA79-4A07FB938F8C} = {8915D4B9-62BA-4C56-BA79-4A07FB938F8C}
		{A6D955CD-1F55-459F-A7AD-01E591404989} = {A6D955CD-1F55-459F-A7AD-01E591404989}
		{C8B40AE0-71AE-4F96-90DE-705D23F1857D} = {C8B40AE0-71AE-4F96-90DE-705D23F1857D}
	EndProjectSection
EndProject
Global
	GlobalSection(SolutionConfigurationPlatforms) = preSolution
		Debug|Any CPU = Debug|Any CPU
		Debug|x64 = Debug|x64
		Debug|x86 = Debug|x86
		Release|Any CPU = Release|Any CPU
		Release|x64 = Release|x64
		Release|x86 = Release|x86
	EndGlobalSection
	GlobalSection(ProjectConfigurationPlatforms) = postSolution
		{A6D955CD-1F55-459F-A7AD-01E591404989}.Debug|Any CPU.ActiveCfg = Debug|Any CPU
		{A6D955CD-1F55-459F-A7AD-01E591404989}.Debug|Any CPU.Build.0 = Debug|Any CPU
		{A6D955CD-1F55-459F-A7AD-01E591404989}.Debug|x64.ActiveCfg = Debug|x64
		{A6D955CD-1F55-459F-A7AD-01E591404989}.Debug|x64.Build.0 = Debug|x64
		{A6D955CD-1F55-459F-A7AD-01E591404989}.Debug|x86.ActiveCfg = Debug|Any CPU
		{A6D955CD-1F55-459F-A7AD-01E591404989}.Debug|x86.Build.0 = Debug|Any CPU
		{A6D955CD-1F55-459F-A7AD-01E591404989}.Release|Any CPU.ActiveCfg = Release|Any CPU
		{A6D955CD-1F55-459F-A7AD-01E591404989}.Release|Any CPU.Build.0 = Release|Any CPU
		{A6D955CD-1F55-459F-A7AD-01E591404989}.Release|x64.ActiveCfg = Release|x64
		{A6D955CD-1F55-459F-A7AD-01E591404989}.Release|x64.Build.0 = Release|x64
		{A6D955CD-1F55-459F-A7AD-01E591404989}.Release|x86.ActiveCfg = Release|Any CPU
		{A6D955CD-1F55-459F-A7AD-01E591404989}.Release|x86.Build.0 = Release|Any CPU
		{14704F04-B09F-4D26-897A-06B4AEB3C07E}.Debug|Any CPU.ActiveCfg = Debug|Any CPU
		{14704F04-B09F-4D26-897A-06B4AEB3C07E}.Debug|x64.ActiveCfg = Debug|x64
		{14704F04-B09F-4D26-897A-06B4AEB3C07E}.Debug|x86.ActiveCfg = Debug|Any CPU
		{14704F04-B09F-4D26-897A-06B4AEB3C07E}.Debug|x86.Build.0 = Debug|Any CPU
		{14704F04-B09F-4D26-897A-06B4AEB3C07E}.Release|Any CPU.ActiveCfg = Release|Any CPU
		{14704F04-B09F-4D26-897A-06B4AEB3C07E}.Release|x64.ActiveCfg = Release|x64
		{14704F04-B09F-4D26-897A-06B4AEB3C07E}.Release|x86.ActiveCfg = Release|Any CPU
		{14704F04-B09F-4D26-897A-06B4AEB3C07E}.Release|x86.Build.0 = Release|Any CPU
		{C8B40AE0-71AE-4F96-90DE-705D23F1857D}.Debug|Any CPU.ActiveCfg = Debug|Any CPU
		{C8B40AE0-71AE-4F96-90DE-705D23F1857D}.Debug|Any CPU.Build.0 = Debug|Any CPU
		{C8B40AE0-71AE-4F96-90DE-705D23F1857D}.Debug|x64.ActiveCfg = Debug|x64
		{C8B40AE0-71AE-4F96-90DE-705D23F1857D}.Debug|x64.Build.0 = Debug|x64
		{C8B40AE0-71AE-4F96-90DE-705D23F1857D}.Debug|x86.ActiveCfg = Debug|Any CPU
		{C8B40AE0-71AE-4F96-90DE-705D23F1857D}.Debug|x86.Build.0 = Debug|Any CPU
		{C8B40AE0-71AE-4F96-90DE-705D23F1857D}.Release|Any CPU.ActiveCfg = Release|Any CPU
		{C8B40AE0-71AE-4F96-90DE-705D23F1857D}.Release|Any CPU.Build.0 = Release|Any CPU
		{C8B40AE0-71AE-4F96-90DE-705D23F1857D}.Release|x64.ActiveCfg = Release|x64
		{C8B40AE0-71AE-4F96-90DE-705D23F1857D}.Release|x64.Build.0 = Release|x64
		{C8B40AE0-71AE-4F96-90DE-705D23F1857D}.Release|x86.ActiveCfg = Release|Any CPU
		{C8B40AE0-71AE-4F96-90DE-705D23F1857D}.Release|x86.Build.0 = Release|Any CPU
		{8915D4B9-62BA-4C56-BA79-4A07FB938F8C}.Debug|Any CPU.ActiveCfg = Debug|Any CPU
		{8915D4B9-62BA-4C56-BA79-4A07FB938F8C}.Debug|Any CPU.Build.0 = Debug|Any CPU
		{8915D4B9-62BA-4C56-BA79-4A07FB938F8C}.Debug|x64.ActiveCfg = Debug|x64
		{8915D4B9-62BA-4C56-BA79-4A07FB938F8C}.Debug|x64.Build.0 = Debug|x64
		{8915D4B9-62BA-4C56-BA79-4A07FB938F8C}.Debug|x86.ActiveCfg = Debug|Any CPU
		{8915D4B9-62BA-4C56-BA79-4A07FB938F8C}.Debug|x86.Build.0 = Debug|Any CPU
		{8915D4B9-62BA-4C56-BA79-4A07FB938F8C}.Release|Any CPU.ActiveCfg = Release|Any CPU
		{8915D4B9-62BA-4C56-BA79-4A07FB938F8C}.Release|Any CPU.Build.0 = Release|Any CPU
		{8915D4B9-62BA-4C56-BA79-4A07FB938F8C}.Release|x64.ActiveCfg = Release|x64
		{8915D4B9-62BA-4C56-BA79-4A07FB938F8C}.Release|x64.Build.0 = Release|x64
		{8915D4B9-62BA-4C56-BA79-4A07FB938F8C}.Release|x86.ActiveCfg = Release|Any CPU
		{8915D4B9-62BA-4C56-BA79-4A07FB938F8C}.Release|x86.Build.0 = Release|Any CPU
		{DD8CE596-E9D5-400E-A6EB-DBB41F0C5CC9}.Debug|Any CPU.ActiveCfg = Debug|Any CPU
		{DD8CE596-E9D5-400E-A6EB-DBB41F0C5CC9}.Debug|Any CPU.Build.0 = Debug|Any CPU
		{DD8CE596-E9D5-400E-A6EB-DBB41F0C5CC9}.Debug|x64.ActiveCfg = Debug|x64
		{DD8CE596-E9D5-400E-A6EB-DBB41F0C5CC9}.Debug|x64.Build.0 = Debug|x64
		{DD8CE596-E9D5-400E-A6EB-DBB41F0C5CC9}.Debug|x86.ActiveCfg = Debug|Any CPU
		{DD8CE596-E9D5-400E-A6EB-DBB41F0C5CC9}.Debug|x86.Build.0 = Debug|Any CPU
		{DD8CE596-E9D5-400E-A6EB-DBB41F0C5CC9}.Release|Any CPU.ActiveCfg = Release|Any CPU
		{DD8CE596-E9D5-400E-A6EB-DBB41F0C5CC9}.Release|Any CPU.Build.0 = Release|Any CPU
		{DD8CE596-E9D5-400E-A6EB-DBB41F0C5CC9}.Release|x64.ActiveCfg = Release|x64
		{DD8CE596-E9D5-400E-A6EB-DBB41F0C5CC9}.Release|x64.Build.0 = Release|x64
		{DD8CE596-E9D5-400E-A6EB-DBB41F0C5CC9}.Release|x86.ActiveCfg = Release|Any CPU
		{DD8CE596-E9D5-400E-A6EB-DBB41F0C5CC9}.Release|x86.Build.0 = Release|Any CPU
		{0BEE8787-C7EE-450F-9450-50F294F1D446}.Debug|Any CPU.ActiveCfg = Debug|x86
		{0BEE8787-C7EE-450F-9450-50F294F1D446}.Debug|x64.ActiveCfg = Debug|x64
		{0BEE8787-C7EE-450F-9450-50F294F1D446}.Debug|x86.ActiveCfg = Debug|x86
		{0BEE8787-C7EE-450F-9450-50F294F1D446}.Release|Any CPU.ActiveCfg = Release|x86
		{0BEE8787-C7EE-450F-9450-50F294F1D446}.Release|x64.ActiveCfg = Release|x64
		{0BEE8787-C7EE-450F-9450-50F294F1D446}.Release|x64.Build.0 = Release|x64
		{0BEE8787-C7EE-450F-9450-50F294F1D446}.Release|x86.ActiveCfg = Release|x86
		{0BEE8787-C7EE-450F-9450-50F294F1D446}.Release|x86.Build.0 = Release|x86
	EndGlobalSection
	GlobalSection(SolutionProperties) = preSolution
		HideSolutionNode = FALSE
	EndGlobalSection
	GlobalSection(ExtensibilityGlobals) = postSolution
		SolutionGuid = {DA606EAD-5E71-49E2-9825-CDC1DDA7C470}
	EndGlobalSection
EndGlobal
